
Microsoft Visual Studio Solution File, Format Version 12.00
# Visual Studio 15
VisualStudioVersion = 15.0.28307.572
MinimumVisualStudioVersion = 10.0.40219.1
Project("{FAE04EC0-301F-11D3-BF4B-00C04F79EFBC}") = "AppPokeApi", "AppPokeApi\AppPokeApi\AppPokeApi.csproj", "{2AE60012-BF60-410F-80CD-46D3E52BED50}"
EndProject
Project("{FAE04EC0-301F-11D3-BF4B-00C04F79EFBC}") = "AppPokeApi.Android", "AppPokeApi\AppPokeApi.Android\AppPokeApi.Android.csproj", "{F6A41A75-1847-42B2-8AF8-09785E6708D6}"
EndProject
Project("{FAE04EC0-301F-11D3-BF4B-00C04F79EFBC}") = "AppPokeApi.iOS", "AppPokeApi\AppPokeApi.iOS\AppPokeApi.iOS.csproj", "{52355C16-353C-4117-B8C8-CB863EBA3F78}"
EndProject
Project("{FAE04EC0-301F-11D3-BF4B-00C04F79EFBC}") = "Helpers", "Helpers\Helpers.csproj", "{4DA52614-AAD7-443C-8F18-1B328B83BF52}"
EndProject
Project("{FAE04EC0-301F-11D3-BF4B-00C04F79EFBC}") = "PKCore", "PKCore\PKCore.csproj", "{DFF93458-24A9-4AD6-ADBC-A1DAA69F8342}"
EndProject
Global
	GlobalSection(SolutionConfigurationPlatforms) = preSolution
		Ad-Hoc|Any CPU = Ad-Hoc|Any CPU
		Ad-Hoc|iPhone = Ad-Hoc|iPhone
		Ad-Hoc|iPhoneSimulator = Ad-Hoc|iPhoneSimulator
		AppStore|Any CPU = AppStore|Any CPU
		AppStore|iPhone = AppStore|iPhone
		AppStore|iPhoneSimulator = AppStore|iPhoneSimulator
		Debug|Any CPU = Debug|Any CPU
		Debug|iPhone = Debug|iPhone
		Debug|iPhoneSimulator = Debug|iPhoneSimulator
		Release|Any CPU = Release|Any CPU
		Release|iPhone = Release|iPhone
		Release|iPhoneSimulator = Release|iPhoneSimulator
	EndGlobalSection
	GlobalSection(ProjectConfigurationPlatforms) = postSolution
		{2AE60012-BF60-410F-80CD-46D3E52BED50}.Ad-Hoc|Any CPU.ActiveCfg = Debug|Any CPU
		{2AE60012-BF60-410F-80CD-46D3E52BED50}.Ad-Hoc|Any CPU.Build.0 = Debug|Any CPU
		{2AE60012-BF60-410F-80CD-46D3E52BED50}.Ad-Hoc|iPhone.ActiveCfg = Debug|Any CPU
		{2AE60012-BF60-410F-80CD-46D3E52BED50}.Ad-Hoc|iPhone.Build.0 = Debug|Any CPU
		{2AE60012-BF60-410F-80CD-46D3E52BED50}.Ad-Hoc|iPhoneSimulator.ActiveCfg = Debug|Any CPU
		{2AE60012-BF60-410F-80CD-46D3E52BED50}.Ad-Hoc|iPhoneSimulator.Build.0 = Debug|Any CPU
		{2AE60012-BF60-410F-80CD-46D3E52BED50}.AppStore|Any CPU.ActiveCfg = Debug|Any CPU
		{2AE60012-BF60-410F-80CD-46D3E52BED50}.AppStore|Any CPU.Build.0 = Debug|Any CPU
		{2AE60012-BF60-410F-80CD-46D3E52BED50}.AppStore|iPhone.ActiveCfg = Debug|Any CPU
		{2AE60012-BF60-410F-80CD-46D3E52BED50}.AppStore|iPhone.Build.0 = Debug|Any CPU
		{2AE60012-BF60-410F-80CD-46D3E52BED50}.AppStore|iPhoneSimulator.ActiveCfg = Debug|Any CPU
		{2AE60012-BF60-410F-80CD-46D3E52BED50}.AppStore|iPhoneSimulator.Build.0 = Debug|Any CPU
		{2AE60012-BF60-410F-80CD-46D3E52BED50}.Debug|Any CPU.ActiveCfg = Debug|Any CPU
		{2AE60012-BF60-410F-80CD-46D3E52BED50}.Debug|Any CPU.Build.0 = Debug|Any CPU
		{2AE60012-BF60-410F-80CD-46D3E52BED50}.Debug|iPhone.ActiveCfg = Debug|Any CPU
		{2AE60012-BF60-410F-80CD-46D3E52BED50}.Debug|iPhone.Build.0 = Debug|Any CPU
		{2AE60012-BF60-410F-80CD-46D3E52BED50}.Debug|iPhoneSimulator.ActiveCfg = Debug|Any CPU
		{2AE60012-BF60-410F-80CD-46D3E52BED50}.Debug|iPhoneSimulator.Build.0 = Debug|Any CPU
		{2AE60012-BF60-410F-80CD-46D3E52BED50}.Release|Any CPU.ActiveCfg = Release|Any CPU
		{2AE60012-BF60-410F-80CD-46D3E52BED50}.Release|Any CPU.Build.0 = Release|Any CPU
		{2AE60012-BF60-410F-80CD-46D3E52BED50}.Release|iPhone.ActiveCfg = Release|Any CPU
		{2AE60012-BF60-410F-80CD-46D3E52BED50}.Release|iPhone.Build.0 = Release|Any CPU
		{2AE60012-BF60-410F-80CD-46D3E52BED50}.Release|iPhoneSimulator.ActiveCfg = Release|Any CPU
		{2AE60012-BF60-410F-80CD-46D3E52BED50}.Release|iPhoneSimulator.Build.0 = Release|Any CPU
		{F6A41A75-1847-42B2-8AF8-09785E6708D6}.Ad-Hoc|Any CPU.ActiveCfg = Release|Any CPU
		{F6A41A75-1847-42B2-8AF8-09785E6708D6}.Ad-Hoc|Any CPU.Build.0 = Release|Any CPU
		{F6A41A75-1847-42B2-8AF8-09785E6708D6}.Ad-Hoc|Any CPU.Deploy.0 = Release|Any CPU
		{F6A41A75-1847-42B2-8AF8-09785E6708D6}.Ad-Hoc|iPhone.ActiveCfg = Release|Any CPU
		{F6A41A75-1847-42B2-8AF8-09785E6708D6}.Ad-Hoc|iPhone.Build.0 = Release|Any CPU
		{F6A41A75-1847-42B2-8AF8-09785E6708D6}.Ad-Hoc|iPhone.Deploy.0 = Release|Any CPU
		{F6A41A75-1847-42B2-8AF8-09785E6708D6}.Ad-Hoc|iPhoneSimulator.ActiveCfg = Release|Any CPU
		{F6A41A75-1847-42B2-8AF8-09785E6708D6}.Ad-Hoc|iPhoneSimulator.Build.0 = Release|Any CPU
		{F6A41A75-1847-42B2-8AF8-09785E6708D6}.Ad-Hoc|iPhoneSimulator.Deploy.0 = Release|Any CPU
		{F6A41A75-1847-42B2-8AF8-09785E6708D6}.AppStore|Any CPU.ActiveCfg = Release|Any CPU
		{F6A41A75-1847-42B2-8AF8-09785E6708D6}.AppStore|Any CPU.Build.0 = Release|Any CPU
		{F6A41A75-1847-42B2-8AF8-09785E6708D6}.AppStore|Any CPU.Deploy.0 = Release|Any CPU
		{F6A41A75-1847-42B2-8AF8-09785E6708D6}.AppStore|iPhone.ActiveCfg = Release|Any CPU
		{F6A41A75-1847-42B2-8AF8-09785E6708D6}.AppStore|iPhone.Build.0 = Release|Any CPU
		{F6A41A75-1847-42B2-8AF8-09785E6708D6}.AppStore|iPhone.Deploy.0 = Release|Any CPU
		{F6A41A75-1847-42B2-8AF8-09785E6708D6}.AppStore|iPhoneSimulator.ActiveCfg = Release|Any CPU
		{F6A41A75-1847-42B2-8AF8-09785E6708D6}.AppStore|iPhoneSimulator.Build.0 = Release|Any CPU
		{F6A41A75-1847-42B2-8AF8-09785E6708D6}.AppStore|iPhoneSimulator.Deploy.0 = Release|Any CPU
		{F6A41A75-1847-42B2-8AF8-09785E6708D6}.Debug|Any CPU.ActiveCfg = Debug|Any CPU
		{F6A41A75-1847-42B2-8AF8-09785E6708D6}.Debug|Any CPU.Build.0 = Debug|Any CPU
		{F6A41A75-1847-42B2-8AF8-09785E6708D6}.Debug|Any CPU.Deploy.0 = Debug|Any CPU
		{F6A41A75-1847-42B2-8AF8-09785E6708D6}.Debug|iPhone.ActiveCfg = Debug|Any CPU
		{F6A41A75-1847-42B2-8AF8-09785E6708D6}.Debug|iPhone.Build.0 = Debug|Any CPU
		{F6A41A75-1847-42B2-8AF8-09785E6708D6}.Debug|iPhone.Deploy.0 = Debug|Any CPU
		{F6A41A75-1847-42B2-8AF8-09785E6708D6}.Debug|iPhoneSimulator.ActiveCfg = Debug|Any CPU
		{F6A41A75-1847-42B2-8AF8-09785E6708D6}.Debug|iPhoneSimulator.Build.0 = Debug|Any CPU
		{F6A41A75-1847-42B2-8AF8-09785E6708D6}.Debug|iPhoneSimulator.Deploy.0 = Debug|Any CPU
		{F6A41A75-1847-42B2-8AF8-09785E6708D6}.Release|Any CPU.ActiveCfg = Release|Any CPU
		{F6A41A75-1847-42B2-8AF8-09785E6708D6}.Release|Any CPU.Build.0 = Release|Any CPU
		{F6A41A75-1847-42B2-8AF8-09785E6708D6}.Release|Any CPU.Deploy.0 = Release|Any CPU
		{F6A41A75-1847-42B2-8AF8-09785E6708D6}.Release|iPhone.ActiveCfg = Release|Any CPU
		{F6A41A75-1847-42B2-8AF8-09785E6708D6}.Release|iPhone.Build.0 = Release|Any CPU
		{F6A41A75-1847-42B2-8AF8-09785E6708D6}.Release|iPhone.Deploy.0 = Release|Any CPU
		{F6A41A75-1847-42B2-8AF8-09785E6708D6}.Release|iPhoneSimulator.ActiveCfg = Release|Any CPU
		{F6A41A75-1847-42B2-8AF8-09785E6708D6}.Release|iPhoneSimulator.Build.0 = Release|Any CPU
		{F6A41A75-1847-42B2-8AF8-09785E6708D6}.Release|iPhoneSimulator.Deploy.0 = Release|Any CPU
		{52355C16-353C-4117-B8C8-CB863EBA3F78}.Ad-Hoc|Any CPU.ActiveCfg = Ad-Hoc|iPhone
		{52355C16-353C-4117-B8C8-CB863EBA3F78}.Ad-Hoc|iPhone.ActiveCfg = Ad-Hoc|iPhone
		{52355C16-353C-4117-B8C8-CB863EBA3F78}.Ad-Hoc|iPhone.Build.0 = Ad-Hoc|iPhone
		{52355C16-353C-4117-B8C8-CB863EBA3F78}.Ad-Hoc|iPhoneSimulator.ActiveCfg = Ad-Hoc|iPhoneSimulator
		{52355C16-353C-4117-B8C8-CB863EBA3F78}.Ad-Hoc|iPhoneSimulator.Build.0 = Ad-Hoc|iPhoneSimulator
		{52355C16-353C-4117-B8C8-CB863EBA3F78}.AppStore|Any CPU.ActiveCfg = AppStore|iPhone
		{52355C16-353C-4117-B8C8-CB863EBA3F78}.AppStore|iPhone.ActiveCfg = AppStore|iPhone
		{52355C16-353C-4117-B8C8-CB863EBA3F78}.AppStore|iPhone.Build.0 = AppStore|iPhone
		{52355C16-353C-4117-B8C8-CB863EBA3F78}.AppStore|iPhoneSimulator.ActiveCfg = AppStore|iPhoneSimulator
		{52355C16-353C-4117-B8C8-CB863EBA3F78}.AppStore|iPhoneSimulator.Build.0 = AppStore|iPhoneSimulator
		{52355C16-353C-4117-B8C8-CB863EBA3F78}.Debug|Any CPU.ActiveCfg = Debug|iPhone
		{52355C16-353C-4117-B8C8-CB863EBA3F78}.Debug|iPhone.ActiveCfg = Debug|iPhone
		{52355C16-353C-4117-B8C8-CB863EBA3F78}.Debug|iPhone.Build.0 = Debug|iPhone
		{52355C16-353C-4117-B8C8-CB863EBA3F78}.Debug|iPhoneSimulator.ActiveCfg = Debug|iPhoneSimulator
		{52355C16-353C-4117-B8C8-CB863EBA3F78}.Debug|iPhoneSimulator.Build.0 = Debug|iPhoneSimulator
		{52355C16-353C-4117-B8C8-CB863EBA3F78}.Release|Any CPU.ActiveCfg = Release|iPhone
		{52355C16-353C-4117-B8C8-CB863EBA3F78}.Release|iPhone.ActiveCfg = Release|iPhone
		{52355C16-353C-4117-B8C8-CB863EBA3F78}.Release|iPhone.Build.0 = Release|iPhone
		{52355C16-353C-4117-B8C8-CB863EBA3F78}.Release|iPhoneSimulator.ActiveCfg = Release|iPhoneSimulator
		{52355C16-353C-4117-B8C8-CB863EBA3F78}.Release|iPhoneSimulator.Build.0 = Release|iPhoneSimulator
		{4DA52614-AAD7-443C-8F18-1B328B83BF52}.Ad-Hoc|Any CPU.ActiveCfg = Debug|Any CPU
		{4DA52614-AAD7-443C-8F18-1B328B83BF52}.Ad-Hoc|Any CPU.Build.0 = Debug|Any CPU
		{4DA52614-AAD7-443C-8F18-1B328B83BF52}.Ad-Hoc|iPhone.ActiveCfg = Debug|Any CPU
		{4DA52614-AAD7-443C-8F18-1B328B83BF52}.Ad-Hoc|iPhone.Build.0 = Debug|Any CPU
		{4DA52614-AAD7-443C-8F18-1B328B83BF52}.Ad-Hoc|iPhoneSimulator.ActiveCfg = Debug|Any CPU
		{4DA52614-AAD7-443C-8F18-1B328B83BF52}.Ad-Hoc|iPhoneSimulator.Build.0 = Debug|Any CPU
		{4DA52614-AAD7-443C-8F18-1B328B83BF52}.AppStore|Any CPU.ActiveCfg = Debug|Any CPU
		{4DA52614-AAD7-443C-8F18-1B328B83BF52}.AppStore|Any CPU.Build.0 = Debug|Any CPU
		{4DA52614-AAD7-443C-8F18-1B328B83BF52}.AppStore|iPhone.ActiveCfg = Debug|Any CPU
		{4DA52614-AAD7-443C-8F18-1B328B83BF52}.AppStore|iPhone.Build.0 = Debug|Any CPU
		{4DA52614-AAD7-443C-8F18-1B328B83BF52}.AppStore|iPhoneSimulator.ActiveCfg = Debug|Any CPU
		{4DA52614-AAD7-443C-8F18-1B328B83BF52}.AppStore|iPhoneSimulator.Build.0 = Debug|Any CPU
		{4DA52614-AAD7-443C-8F18-1B328B83BF52}.Debug|Any CPU.ActiveCfg = Debug|Any CPU
		{4DA52614-AAD7-443C-8F18-1B328B83BF52}.Debug|Any CPU.Build.0 = Debug|Any CPU
		{4DA52614-AAD7-443C-8F18-1B328B83BF52}.Debug|iPhone.ActiveCfg = Debug|Any CPU
		{4DA52614-AAD7-443C-8F18-1B328B83BF52}.Debug|iPhone.Build.0 = Debug|Any CPU
		{4DA52614-AAD7-443C-8F18-1B328B83BF52}.Debug|iPhoneSimulator.ActiveCfg = Debug|Any CPU
		{4DA52614-AAD7-443C-8F18-1B328B83BF52}.Debug|iPhoneSimulator.Build.0 = Debug|Any CPU
		{4DA52614-AAD7-443C-8F18-1B328B83BF52}.Release|Any CPU.ActiveCfg = Release|Any CPU
		{4DA52614-AAD7-443C-8F18-1B328B83BF52}.Release|Any CPU.Build.0 = Release|Any CPU
		{4DA52614-AAD7-443C-8F18-1B328B83BF52}.Release|iPhone.ActiveCfg = Release|Any CPU
		{4DA52614-AAD7-443C-8F18-1B328B83BF52}.Release|iPhone.Build.0 = Release|Any CPU
		{4DA52614-AAD7-443C-8F18-1B328B83BF52}.Release|iPhoneSimulator.ActiveCfg = Release|Any CPU
		{4DA52614-AAD7-443C-8F18-1B328B83BF52}.Release|iPhoneSimulator.Build.0 = Release|Any CPU
		{DFF93458-24A9-4AD6-ADBC-A1DAA69F8342}.Ad-Hoc|Any CPU.ActiveCfg = Debug|Any CPU
		{DFF93458-24A9-4AD6-ADBC-A1DAA69F8342}.Ad-Hoc|Any CPU.Build.0 = Debug|Any CPU
		{DFF93458-24A9-4AD6-ADBC-A1DAA69F8342}.Ad-Hoc|iPhone.ActiveCfg = Debug|Any CPU
		{DFF93458-24A9-4AD6-ADBC-A1DAA69F8342}.Ad-Hoc|iPhone.Build.0 = Debug|Any CPU
		{DFF93458-24A9-4AD6-ADBC-A1DAA69F8342}.Ad-Hoc|iPhoneSimulator.ActiveCfg = Debug|Any CPU
		{DFF93458-24A9-4AD6-ADBC-A1DAA69F8342}.Ad-Hoc|iPhoneSimulator.Build.0 = Debug|Any CPU
		{DFF93458-24A9-4AD6-ADBC-A1DAA69F8342}.AppStore|Any CPU.ActiveCfg = Debug|Any CPU
		{DFF93458-24A9-4AD6-ADBC-A1DAA69F8342}.AppStore|Any CPU.Build.0 = Debug|Any CPU
		{DFF93458-24A9-4AD6-ADBC-A1DAA69F8342}.AppStore|iPhone.ActiveCfg = Debug|Any CPU
		{DFF93458-24A9-4AD6-ADBC-A1DAA69F8342}.AppStore|iPhone.Build.0 = Debug|Any CPU
		{DFF93458-24A9-4AD6-ADBC-A1DAA69F8342}.AppStore|iPhoneSimulator.ActiveCfg = Debug|Any CPU
		{DFF93458-24A9-4AD6-ADBC-A1DAA69F8342}.AppStore|iPhoneSimulator.Build.0 = Debug|Any CPU
		{DFF93458-24A9-4AD6-ADBC-A1DAA69F8342}.Debug|Any CPU.ActiveCfg = Debug|Any CPU
		{DFF93458-24A9-4AD6-ADBC-A1DAA69F8342}.Debug|Any CPU.Build.0 = Debug|Any CPU
		{DFF93458-24A9-4AD6-ADBC-A1DAA69F8342}.Debug|iPhone.ActiveCfg = Debug|Any CPU
		{DFF93458-24A9-4AD6-ADBC-A1DAA69F8342}.Debug|iPhone.Build.0 = Debug|Any CPU
		{DFF93458-24A9-4AD6-ADBC-A1DAA69F8342}.Debug|iPhoneSimulator.ActiveCfg = Debug|Any CPU
		{DFF93458-24A9-4AD6-ADBC-A1DAA69F8342}.Debug|iPhoneSimulator.Build.0 = Debug|Any CPU
		{DFF93458-24A9-4AD6-ADBC-A1DAA69F8342}.Release|Any CPU.ActiveCfg = Release|Any CPU
		{DFF93458-24A9-4AD6-ADBC-A1DAA69F8342}.Release|Any CPU.Build.0 = Release|Any CPU
		{DFF93458-24A9-4AD6-ADBC-A1DAA69F8342}.Release|iPhone.ActiveCfg = Release|Any CPU
		{DFF93458-24A9-4AD6-ADBC-A1DAA69F8342}.Release|iPhone.Build.0 = Release|Any CPU
		{DFF93458-24A9-4AD6-ADBC-A1DAA69F8342}.Release|iPhoneSimulator.ActiveCfg = Release|Any CPU
		{DFF93458-24A9-4AD6-ADBC-A1DAA69F8342}.Release|iPhoneSimulator.Build.0 = Release|Any CPU
	EndGlobalSection
	GlobalSection(SolutionProperties) = preSolution
		HideSolutionNode = FALSE
	EndGlobalSection
	GlobalSection(ExtensibilityGlobals) = postSolution
		SolutionGuid = {00A3255F-E73D-4FFD-BD43-0EAB5A9CE60B}
	EndGlobalSection
EndGlobal
